
Microsoft Visual Studio Solution File, Format Version 12.00
# Visual Studio Version 17
VisualStudioVersion = 17.3.32922.545
MinimumVisualStudioVersion = 10.0.40219.1
Project("{FAE04EC0-301F-11D3-BF4B-00C04F79EFBC}") = "ExportAllPhotos", "ExportAllPhotos\ExportAllPhotos.csproj", "{2BE1B871-F9A8-4E60-903B-1BE185245867}"
EndProject
Global
	GlobalSection(SolutionConfigurationPlatforms) = preSolution
		Debug|Any CPU = Debug|Any CPU
		Release|Any CPU = Release|Any CPU
	EndGlobalSection
	GlobalSection(ProjectConfigurationPlatforms) = postSolution
		{2BE1B871-F9A8-4E60-903B-1BE185245867}.Debug|Any CPU.ActiveCfg = Debug|Any CPU
		{2BE1B871-F9A8-4E60-903B-1BE185245867}.Debug|Any CPU.Build.0 = Debug|Any CPU
		{2BE1B871-F9A8-4E60-903B-1BE185245867}.Release|Any CPU.ActiveCfg = Release|Any CPU
		{2BE1B871-F9A8-4E60-903B-1BE185245867}.Release|Any CPU.Build.0 = Release|Any CPU
	EndGlobalSection
	GlobalSection(SolutionProperties) = preSolution
		HideSolutionNode = FALSE
	EndGlobalSection
	GlobalSection(ExtensibilityGlobals) = postSolution
		SolutionGuid = {5A0610D5-E0F3-41D6-BC84-09E572CDAC6D}
	EndGlobalSection
EndGlobal
