
Microsoft Visual Studio Solution File, Format Version 12.00
# Visual Studio Version 17
VisualStudioVersion = 17.3.32922.545
MinimumVisualStudioVersion = 10.0.40219.1
Project("{FAE04EC0-301F-11D3-BF4B-00C04F79EFBC}") = "InnerMovePhotos", "InnerMovePhotos\InnerMovePhotos.csproj", "{06410DDF-3DBA-4FF0-8ABF-AC13F4AFF03A}"
EndProject
Global
	GlobalSection(SolutionConfigurationPlatforms) = preSolution
		Debug|Any CPU = Debug|Any CPU
		Release|Any CPU = Release|Any CPU
	EndGlobalSection
	GlobalSection(ProjectConfigurationPlatforms) = postSolution
		{06410DDF-3DBA-4FF0-8ABF-AC13F4AFF03A}.Debug|Any CPU.ActiveCfg = Debug|Any CPU
		{06410DDF-3DBA-4FF0-8ABF-AC13F4AFF03A}.Debug|Any CPU.Build.0 = Debug|Any CPU
		{06410DDF-3DBA-4FF0-8ABF-AC13F4AFF03A}.Release|Any CPU.ActiveCfg = Release|Any CPU
		{06410DDF-3DBA-4FF0-8ABF-AC13F4AFF03A}.Release|Any CPU.Build.0 = Release|Any CPU
	EndGlobalSection
	GlobalSection(SolutionProperties) = preSolution
		HideSolutionNode = FALSE
	EndGlobalSection
	GlobalSection(ExtensibilityGlobals) = postSolution
		SolutionGuid = {62992B94-5720-4DA9-AB8A-27BF7AA87192}
	EndGlobalSection
EndGlobal
